schema: '2.0'
stages:
  data_cleaning:
    cmd: python data_cleaning.py
    deps:
    - path: data/Music Info.csv
      hash: md5
      md5: e63b74919a3cdada5c804df4666391c9
      size: 14985870
    - path: data_cleaning.py
      hash: md5
      md5: 973ff96cfa2bb196eb5570daeea6264a
      size: 2100
    outs:
    - path: data/cleaned_data.csv
      hash: md5
      md5: ad73ab9b7c97fed0f3cc26fc9b24f8c6
      size: 13712182
  transform_data:
    cmd: python content_based_filtering.py
    deps:
    - path: content_based_filtering.py
      hash: md5
      md5: f47c1ae0729f0115c3a03b69327af297
      size: 6048
    - path: data/cleaned_data.csv
      hash: md5
      md5: ad73ab9b7c97fed0f3cc26fc9b24f8c6
      size: 13712182
    - path: data_cleaning.py
      hash: md5
      md5: 973ff96cfa2bb196eb5570daeea6264a
      size: 2100
    outs:
    - path: data/transformed_data.npz
      hash: md5
      md5: 7f0f6c4dfaa26361495ebb258aa0235c
      size: 4523498
    - path: transformer.joblib
      hash: md5
      md5: 46ca1ad01c951e6af9b7b1f04091a000
      size: 135661
